schema: '2.0'
stages:
  data_split:
    cmd: python src/stages/data_split.py --config=params.yaml
    deps:
    - path: data/raw
      md5: 6920135c1a76a56a030a224fb82afb28.dir
      size: 466888
      nfiles: 2
      files:
      - md5: 78f8f2e8ac2b7b2b6aa4d75fcc402f47
        relpath: Churn_Modelling_France.csv
      - md5: a2eb40907d681c63a5cddcd43013ca6d
        relpath: Churn_Modelling_Spain.csv
    - path: src/stages/data_split.py
      md5: 51793fe0aa9644975a017c5953561fda
      size: 1434
    params:
      params.yaml:
        base:
          project: bank_customer_churn
          raw_data_dir: data/raw
          countries:
          - France
          - Spain
          feat_cols:
          - CreditScore
          - Age
          - Tenure
          - Balance
          - NumOfProducts
          - HasCrCard
          - IsActiveMember
          - EstimatedSalary
          targ_col: Exited
          random_state: 42
        data_split:
          test_size: 0.2
          processed_data_dir: data/processed
    outs:
    - path: data/processed
      md5: cba1330c2a2df90da650b74d214b0bd0.dir
      size: 722258
      nfiles: 4
      files:
      - size: 108867
        md5: fdfb4bb17229ba5ca7d87c398deff081
        relpath: X_test.pkl
      - size: 432372
        md5: 1b8ddaf25fc5539a826789b9ed75468e
        relpath: X_train.pkl
      - size: 36589
        md5: 5443405013ae6e0dbb4ebbe2ee290613
        relpath: y_test.pkl
      - size: 144430
        md5: 316d3427c2dd408169a28f537994bf03
        relpath: y_train.pkl
  train:
    cmd: python src/stages/train.py --config=params.yaml
    deps:
    - path: data/processed
      md5: cba1330c2a2df90da650b74d214b0bd0.dir
      size: 722258
      nfiles: 4
      files:
      - md5: fdfb4bb17229ba5ca7d87c398deff081
        relpath: X_test.pkl
      - md5: 1b8ddaf25fc5539a826789b9ed75468e
        relpath: X_train.pkl
      - md5: 5443405013ae6e0dbb4ebbe2ee290613
        relpath: y_test.pkl
      - md5: 316d3427c2dd408169a28f537994bf03
        relpath: y_train.pkl
    - path: src/stages/train.py
      md5: 2c9c73e54f3d0f11ad7a855e7089278c
      size: 2126
    params:
      params.yaml:
        base:
          project: bank_customer_churn
          raw_data_dir: data/raw
          countries:
          - France
          - Spain
          feat_cols:
          - CreditScore
          - Age
          - Tenure
          - Balance
          - NumOfProducts
          - HasCrCard
          - IsActiveMember
          - EstimatedSalary
          targ_col: Exited
          random_state: 42
        train:
          model_type: randomforest
          model_dir: models
          model_path: models/clf-model.joblib
          params:
            n_estimators: 150
            max_depth: 20
    outs:
    - path: models/clf-model.joblib
      md5: f9bd112c1aea6ab0f694ddf237a14872
      size: 16467224
  eval:
    cmd: python src/stages/eval.py --config=params.yaml
    deps:
    - path: data/processed
      md5: cba1330c2a2df90da650b74d214b0bd0.dir
      size: 722258
      nfiles: 4
      files:
      - md5: fdfb4bb17229ba5ca7d87c398deff081
        relpath: X_test.pkl
      - md5: 1b8ddaf25fc5539a826789b9ed75468e
        relpath: X_train.pkl
      - md5: 5443405013ae6e0dbb4ebbe2ee290613
        relpath: y_test.pkl
      - md5: 316d3427c2dd408169a28f537994bf03
        relpath: y_train.pkl
    - path: models/clf-model.joblib
      md5: f9bd112c1aea6ab0f694ddf237a14872
      size: 16467224
    - path: src/stages/eval.py
      md5: 5dc0b6e6bdf436234530ccb3657cb12a
      size: 2431
    params:
      params.yaml:
        base:
          project: bank_customer_churn
          raw_data_dir: data/raw
          countries:
          - France
          - Spain
          feat_cols:
          - CreditScore
          - Age
          - Tenure
          - Balance
          - NumOfProducts
          - HasCrCard
          - IsActiveMember
          - EstimatedSalary
          targ_col: Exited
          random_state: 42
        data_split:
          test_size: 0.2
          processed_data_dir: data/processed
        train:
          model_type: randomforest
          model_dir: models
          model_path: models/clf-model.joblib
          params:
            n_estimators: 150
            max_depth: 20
    outs:
    - path: metrics.json
      md5: 3dfa438b0c64f543a800c8f82e259e6d
      size: 67
    - path: reports/feat_imp.csv
      md5: a2a3ff9f855d9ed224fde8964d2d722f
      size: 186
    - path: reports/figures/cm.png
      md5: fd4ba64a32b0207eea5339965854a4b2
      size: 10005
